// !$*UTF8*$!
{
	archiveVersion = 1;
	classes = {
	};
	objectVersion = 77;
	objects = {

/* Begin PBXContainerItemProxy section */
		FD8CFF542D62938F000EBC33 /* PBXContainerItemProxy */ = {
			isa = PBXContainerItemProxy;
			containerPortal = FD8CFF3B2D62938C000EBC33 /* Project object */;
			proxyType = 1;
			remoteGlobalIDString = FD8CFF422D62938C000EBC33;
			remoteInfo = GourmetGo;
		};
		FD8CFF5E2D62938F000EBC33 /* PBXContainerItemProxy */ = {
			isa = PBXContainerItemProxy;
			containerPortal = FD8CFF3B2D62938C000EBC33 /* Project object */;
			proxyType = 1;
			remoteGlobalIDString = FD8CFF422D62938C000EBC33;
			remoteInfo = GourmetGo;
		};
/* End PBXContainerItemProxy section */

/* Begin PBXFileReference section */
		FD8CFF432D62938C000EBC33 /* GourmetGo.app */ = {isa = PBXFileReference; explicitFileType = wrapper.application; includeInIndex = 0; path = GourmetGo.app; sourceTree = BUILT_PRODUCTS_DIR; };
		FD8CFF532D62938F000EBC33 /* GourmetGoTests.xctest */ = {isa = PBXFileReference; explicitFileType = wrapper.cfbundle; includeInIndex = 0; path = GourmetGoTests.xctest; sourceTree = BUILT_PRODUCTS_DIR; };
		FD8CFF5D2D62938F000EBC33 /* GourmetGoUITests.xctest */ = {isa = PBXFileReference; explicitFileType = wrapper.cfbundle; includeInIndex = 0; path = GourmetGoUITests.xctest; sourceTree = BUILT_PRODUCTS_DIR; };
/* End PBXFileReference section */

/* Begin PBXFileSystemSynchronizedRootGroup section */
		FD8CFF562D62938F000EBC33 /* GourmetGoTests */ = {
			isa = PBXFileSystemSynchronizedRootGroup;
			path = GourmetGoTests;
			sourceTree = "<group>";
		};
		FD8CFF602D62938F000EBC33 /* GourmetGoUITests */ = {
			isa = PBXFileSystemSynchronizedRootGroup;
			path = GourmetGoUITests;
			sourceTree = "<group>";
		};
		FD8CFFCE2D63E2A9000EBC33 /* GourmetGo */ = {
			isa = PBXFileSystemSynchronizedRootGroup;
			path = GourmetGo;
			sourceTree = "<group>";
		};
/* End PBXFileSystemSynchronizedRootGroup section */

/* Begin PBXFrameworksBuildPhase section */
		FD8CFF402D62938C000EBC33 /* Frameworks */ = {
			isa = PBXFrameworksBuildPhase;
			buildActionMask = 2147483647;
			files = (
			);
			runOnlyForDeploymentPostprocessing = 0;
		};
		FD8CFF502D62938F000EBC33 /* Frameworks */ = {
			isa = PBXFrameworksBuildPhase;
			buildActionMask = 2147483647;
			files = (
			);
			runOnlyForDeploymentPostprocessing = 0;
		};
		FD8CFF5A2D62938F000EBC33 /* Frameworks */ = {
			isa = PBXFrameworksBuildPhase;
			buildActionMask = 2147483647;
			files = (
			);
			runOnlyForDeploymentPostprocessing = 0;
		};
/* End PBXFrameworksBuildPhase section */

/* Begin PBXGroup section */
		FD8CFF3A2D62938C000EBC33 = {
			isa = PBXGroup;
			children = (
				FD8CFFCE2D63E2A9000EBC33 /* GourmetGo */,
				FD8CFF562D62938F000EBC33 /* GourmetGoTests */,
				FD8CFF602D62938F000EBC33 /* GourmetGoUITests */,
				FD8CFF442D62938C000EBC33 /* Products */,
			);
			sourceTree = "<group>";
		};
		FD8CFF442D62938C000EBC33 /* Products */ = {
			isa = PBXGroup;
			children = (
				FD8CFF432D62938C000EBC33 /* GourmetGo.app */,
				FD8CFF532D62938F000EBC33 /* GourmetGoTests.xctest */,
				FD8CFF5D2D62938F000EBC33 /* GourmetGoUITests.xctest */,
			);
			name = Products;
			sourceTree = "<group>";
		};
/* End PBXGroup section */

/* Begin PBXNativeTarget section */
		FD8CFF422D62938C000EBC33 /* GourmetGo */ = {
			isa = PBXNativeTarget;
			buildConfigurationList = FD8CFF672D62938F000EBC33 /* Build configuration list for PBXNativeTarget "GourmetGo" */;
			buildPhases = (
				FD8CFF3F2D62938C000EBC33 /* Sources */,
				FD8CFF402D62938C000EBC33 /* Frameworks */,
				FD8CFF412D62938C000EBC33 /* Resources */,
			);
			buildRules = (
			);
			dependencies = (
			);
			fileSystemSynchronizedGroups = (
				FD8CFFCE2D63E2A9000EBC33 /* GourmetGo */,
			);
			name = GourmetGo;
			packageProductDependencies = (
			);
			productName = GourmetGo;
			productReference = FD8CFF432D62938C000EBC33 /* GourmetGo.app */;
			productType = "com.apple.product-type.application";
		};
		FD8CFF522D62938F000EBC33 /* GourmetGoTests */ = {
			isa = PBXNativeTarget;
			buildConfigurationList = FD8CFF6A2D62938F000EBC33 /* Build configuration list for PBXNativeTarget "GourmetGoTests" */;
			buildPhases = (
				FD8CFF4F2D62938F000EBC33 /* Sources */,
				FD8CFF502D62938F000EBC33 /* Frameworks */,
				FD8CFF512D62938F000EBC33 /* Resources */,
			);
			buildRules = (
			);
			dependencies = (
				FD8CFF552D62938F000EBC33 /* PBXTargetDependency */,
			);
			fileSystemSynchronizedGroups = (
				FD8CFF562D62938F000EBC33 /* GourmetGoTests */,
			);
			name = GourmetGoTests;
			packageProductDependencies = (
			);
			productName = GourmetGoTests;
			productReference = FD8CFF532D62938F000EBC33 /* GourmetGoTests.xctest */;
			productType = "com.apple.product-type.bundle.unit-test";
		};
		FD8CFF5C2D62938F000EBC33 /* GourmetGoUITests */ = {
			isa = PBXNativeTarget;
			buildConfigurationList = FD8CFF6D2D62938F000EBC33 /* Build configuration list for PBXNativeTarget "GourmetGoUITests" */;
			buildPhases = (
				FD8CFF592D62938F000EBC33 /* Sources */,
				FD8CFF5A2D62938F000EBC33 /* Frameworks */,
				FD8CFF5B2D62938F000EBC33 /* Resources */,
			);
			buildRules = (
			);
			dependencies = (
				FD8CFF5F2D62938F000EBC33 /* PBXTargetDependency */,
			);
			fileSystemSynchronizedGroups = (
				FD8CFF602D62938F000EBC33 /* GourmetGoUITests */,
			);
			name = GourmetGoUITests;
			packageProductDependencies = (
			);
			productName = GourmetGoUITests;
			productReference = FD8CFF5D2D62938F000EBC33 /* GourmetGoUITests.xctest */;
			productType = "com.apple.product-type.bundle.ui-testing";
		};
/* End PBXNativeTarget section */

/* Begin PBXProject section */
		FD8CFF3B2D62938C000EBC33 /* Project object */ = {
			isa = PBXProject;
			attributes = {
				BuildIndependentTargetsInParallel = 1;
				LastSwiftUpdateCheck = 1600;
				LastUpgradeCheck = 1600;
				TargetAttributes = {
					FD8CFF422D62938C000EBC33 = {
						CreatedOnToolsVersion = 16.0;
					};
					FD8CFF522D62938F000EBC33 = {
						CreatedOnToolsVersion = 16.0;
						TestTargetID = FD8CFF422D62938C000EBC33;
					};
					FD8CFF5C2D62938F000EBC33 = {
						CreatedOnToolsVersion = 16.0;
						TestTargetID = FD8CFF422D62938C000EBC33;
					};
				};
			};
			buildConfigurationList = FD8CFF3E2D62938C000EBC33 /* Build configuration list for PBXProject "GourmetGo" */;
			developmentRegion = en;
			hasScannedForEncodings = 0;
			knownRegions = (
				en,
				Base,
			);
			mainGroup = FD8CFF3A2D62938C000EBC33;
			minimizedProjectReferenceProxies = 1;
			preferredProjectObjectVersion = 77;
			productRefGroup = FD8CFF442D62938C000EBC33 /* Products */;
			projectDirPath = "";
			projectRoot = "";
			targets = (
				FD8CFF422D62938C000EBC33 /* GourmetGo */,
				FD8CFF522D62938F000EBC33 /* GourmetGoTests */,
				FD8CFF5C2D62938F000EBC33 /* GourmetGoUITests */,
			);
		};
/* End PBXProject section */

/* Begin PBXResourcesBuildPhase section */
		FD8CFF412D62938C000EBC33 /* Resources */ = {
			isa = PBXResourcesBuildPhase;
			buildActionMask = 2147483647;
			files = (
			);
			runOnlyForDeploymentPostprocessing = 0;
		};
		FD8CFF512D62938F000EBC33 /* Resources */ = {
			isa = PBXResourcesBuildPhase;
			buildActionMask = 2147483647;
			files = (
			);
			runOnlyForDeploymentPostprocessing = 0;
		};
		FD8CFF5B2D62938F000EBC33 /* Resources */ = {
			isa = PBXResourcesBuildPhase;
			buildActionMask = 2147483647;
			files = (
			);
			runOnlyForDeploymentPostprocessing = 0;
		};
/* End PBXResourcesBuildPhase section */

/* Begin PBXSourcesBuildPhase section */
		FD8CFF3F2D62938C000EBC33 /* Sources */ = {
			isa = PBXSourcesBuildPhase;
			buildActionMask = 2147483647;
			files = (
			);
			runOnlyForDeploymentPostprocessing = 0;
		};
		FD8CFF4F2D62938F000EBC33 /* Sources */ = {
			isa = PBXSourcesBuildPhase;
			buildActionMask = 2147483647;
			files = (
			);
			runOnlyForDeploymentPostprocessing = 0;
		};
		FD8CFF592D62938F000EBC33 /* Sources */ = {
			isa = PBXSourcesBuildPhase;
			buildActionMask = 2147483647;
			files = (
			);
			runOnlyForDeploymentPostprocessing = 0;
		};
/* End PBXSourcesBuildPhase section */

/* Begin PBXTargetDependency section */
		FD8CFF552D62938F000EBC33 /* PBXTargetDependency */ = {
			isa = PBXTargetDependency;
			target = FD8CFF422D62938C000EBC33 /* GourmetGo */;
			targetProxy = FD8CFF542D62938F000EBC33 /* PBXContainerItemProxy */;
		};
		FD8CFF5F2D62938F000EBC33 /* PBXTargetDependency */ = {
			isa = PBXTargetDependency;
			target = FD8CFF422D62938C000EBC33 /* GourmetGo */;
			targetProxy = FD8CFF5E2D62938F000EBC33 /* PBXContainerItemProxy */;
		};
/* End PBXTargetDependency section */

/* Begin XCBuildConfiguration section */
		FD8CFF652D62938F000EBC33 /* Debug */ = {
			isa = XCBuildConfiguration;
			buildSettings = {
				ALWAYS_SEARCH_USER_PATHS = NO;
				ASSETCATALOG_COMPILER_GENERATE_SWIFT_ASSET_SYMBOL_EXTENSIONS = YES;
				CLANG_ANALYZER_NONNULL = YES;
				CLANG_ANALYZER_NUMBER_OBJECT_CONVERSION = YES_AGGRESSIVE;
				CLANG_CXX_LANGUAGE_STANDARD = "gnu++20";
				CLANG_ENABLE_MODULES = YES;
				CLANG_ENABLE_OBJC_ARC = YES;
				CLANG_ENABLE_OBJC_WEAK = YES;
				CLANG_WARN_BLOCK_CAPTURE_AUTORELEASING = YES;
				CLANG_WARN_BOOL_CONVERSION = YES;
				CLANG_WARN_COMMA = YES;
				CLANG_WARN_CONSTANT_CONVERSION = YES;
				CLANG_WARN_DEPRECATED_OBJC_IMPLEMENTATIONS = YES;
				CLANG_WARN_DIRECT_OBJC_ISA_USAGE = YES_ERROR;
				CLANG_WARN_DOCUMENTATION_COMMENTS = YES;
				CLANG_WARN_EMPTY_BODY = YES;
				CLANG_WARN_ENUM_CONVERSION = YES;
				CLANG_WARN_INFINITE_RECURSION = YES;
				CLANG_WARN_INT_CONVERSION = YES;
				CLANG_WARN_NON_LITERAL_NULL_CONVERSION = YES;
				CLANG_WARN_OBJC_IMPLICIT_RETAIN_SELF = YES;
				CLANG_WARN_OBJC_LITERAL_CONVERSION = YES;
				CLANG_WARN_OBJC_ROOT_CLASS = YES_ERROR;
				CLANG_WARN_QUOTED_INCLUDE_IN_FRAMEWORK_HEADER = YES;
				CLANG_WARN_RANGE_LOOP_ANALYSIS = YES;
				CLANG_WARN_STRICT_PROTOTYPES = YES;
				CLANG_WARN_SUSPICIOUS_MOVE = YES;
				CLANG_WARN_UNGUARDED_AVAILABILITY = YES_AGGRESSIVE;
				CLANG_WARN_UNREACHABLE_CODE = YES;
				CLANG_WARN__DUPLICATE_METHOD_MATCH = YES;
				COPY_PHASE_STRIP = NO;
				DEBUG_INFORMATION_FORMAT = dwarf;
				ENABLE_STRICT_OBJC_MSGSEND = YES;
				ENABLE_TESTABILITY = YES;
				ENABLE_USER_SCRIPT_SANDBOXING = YES;
				GCC_C_LANGUAGE_STANDARD = gnu17;
				GCC_DYNAMIC_NO_PIC = NO;
				GCC_NO_COMMON_BLOCKS = YES;
				GCC_OPTIMIZATION_LEVEL = 0;
				GCC_PREPROCESSOR_DEFINITIONS = (
					"DEBUG=1",
					"$(inherited)",
				);
				GCC_WARN_64_TO_32_BIT_CONVERSION = YES;
				GCC_WARN_ABOUT_RETURN_TYPE = YES_ERROR;
				GCC_WARN_UNDECLARED_SELECTOR = YES;
				GCC_WARN_UNINITIALIZED_AUTOS = YES_AGGRESSIVE;
				GCC_WARN_UNUSED_FUNCTION = YES;
				GCC_WARN_UNUSED_VARIABLE = YES;
				IPHONEOS_DEPLOYMENT_TARGET = 18.0;
				LOCALIZATION_PREFERS_STRING_CATALOGS = YES;
				MTL_ENABLE_DEBUG_INFO = INCLUDE_SOURCE;
				MTL_FAST_MATH = YES;
				ONLY_ACTIVE_ARCH = YES;
				SDKROOT = iphoneos;
				SWIFT_ACTIVE_COMPILATION_CONDITIONS = "DEBUG $(inherited)";
				SWIFT_OPTIMIZATION_LEVEL = "-Onone";
			};
			name = Debug;
		};
		FD8CFF662D62938F000EBC33 /* Release */ = {
			isa = XCBuildConfiguration;
			buildSettings = {
				ALWAYS_SEARCH_USER_PATHS = NO;
				ASSETCATALOG_COMPILER_GENERATE_SWIFT_ASSET_SYMBOL_EXTENSIONS = YES;
				CLANG_ANALYZER_NONNULL = YES;
				CLANG_ANALYZER_NUMBER_OBJECT_CONVERSION = YES_AGGRESSIVE;
				CLANG_CXX_LANGUAGE_STANDARD = "gnu++20";
				CLANG_ENABLE_MODULES = YES;
				CLANG_ENABLE_OBJC_ARC = YES;
				CLANG_ENABLE_OBJC_WEAK = YES;
				CLANG_WARN_BLOCK_CAPTURE_AUTORELEASING = YES;
				CLANG_WARN_BOOL_CONVERSION = YES;
				CLANG_WARN_COMMA = YES;
				CLANG_WARN_CONSTANT_CONVERSION = YES;
				CLANG_WARN_DEPRECATED_OBJC_IMPLEMENTATIONS = YES;
				CLANG_WARN_DIRECT_OBJC_ISA_USAGE = YES_ERROR;
				CLANG_WARN_DOCUMENTATION_COMMENTS = YES;
				CLANG_WARN_EMPTY_BODY = YES;
				CLANG_WARN_ENUM_CONVERSION = YES;
				CLANG_WARN_INFINITE_RECURSION = YES;
				CLANG_WARN_INT_CONVERSION = YES;
				CLANG_WARN_NON_LITERAL_NULL_CONVERSION = YES;
				CLANG_WARN_OBJC_IMPLICIT_RETAIN_SELF = YES;
				CLANG_WARN_OBJC_LITERAL_CONVERSION = YES;
				CLANG_WARN_OBJC_ROOT_CLASS = YES_ERROR;
				CLANG_WARN_QUOTED_INCLUDE_IN_FRAMEWORK_HEADER = YES;
				CLANG_WARN_RANGE_LOOP_ANALYSIS = YES;
				CLANG_WARN_STRICT_PROTOTYPES = YES;
				CLANG_WARN_SUSPICIOUS_MOVE = YES;
				CLANG_WARN_UNGUARDED_AVAILABILITY = YES_AGGRESSIVE;
				CLANG_WARN_UNREACHABLE_CODE = YES;
				CLANG_WARN__DUPLICATE_METHOD_MATCH = YES;
				COPY_PHASE_STRIP = NO;
				DEBUG_INFORMATION_FORMAT = "dwarf-with-dsym";
				ENABLE_NS_ASSERTIONS = NO;
				ENABLE_STRICT_OBJC_MSGSEND = YES;
				ENABLE_USER_SCRIPT_SANDBOXING = YES;
				GCC_C_LANGUAGE_STANDARD = gnu17;
				GCC_NO_COMMON_BLOCKS = YES;
				GCC_WARN_64_TO_32_BIT_CONVERSION = YES;
				GCC_WARN_ABOUT_RETURN_TYPE = YES_ERROR;
				GCC_WARN_UNDECLARED_SELECTOR = YES;
				GCC_WARN_UNINITIALIZED_AUTOS = YES_AGGRESSIVE;
				GCC_WARN_UNUSED_FUNCTION = YES;
				GCC_WARN_UNUSED_VARIABLE = YES;
				IPHONEOS_DEPLOYMENT_TARGET = 18.0;
				LOCALIZATION_PREFERS_STRING_CATALOGS = YES;
				MTL_ENABLE_DEBUG_INFO = NO;
				MTL_FAST_MATH = YES;
				SDKROOT = iphoneos;
				SWIFT_COMPILATION_MODE = wholemodule;
				VALIDATE_PRODUCT = YES;
			};
			name = Release;
		};
		FD8CFF682D62938F000EBC33 /* Debug */ = {
			isa = XCBuildConfiguration;
			buildSettings = {
				ASSETCATALOG_COMPILER_APPICON_NAME = AppIcon;
				ASSETCATALOG_COMPILER_GLOBAL_ACCENT_COLOR_NAME = AccentColor;
				CODE_SIGN_STYLE = Automatic;
				CURRENT_PROJECT_VERSION = 1;
				DEVELOPMENT_ASSET_PATHS = "\"GourmetGo/Preview Content\"";
				DEVELOPMENT_TEAM = CNBJ768YPC;
				ENABLE_PREVIEWS = YES;
				GENERATE_INFOPLIST_FILE = YES;
				INFOPLIST_KEY_UIApplicationSceneManifest_Generation = YES;
				INFOPLIST_KEY_UIApplicationSupportsIndirectInputEvents = YES;
				INFOPLIST_KEY_UILaunchScreen_Generation = YES;
				INFOPLIST_KEY_UISupportedInterfaceOrientations = UIInterfaceOrientationPortrait;
				INFOPLIST_KEY_UISupportedInterfaceOrientations_iPad = "UIInterfaceOrientationLandscapeLeft UIInterfaceOrientationLandscapeRight UIInterfaceOrientationPortrait UIInterfaceOrientationPortraitUpsideDown";
				LD_RUNPATH_SEARCH_PATHS = (
					"$(inherited)",
					"@executable_path/Frameworks",
				);
				MARKETING_VERSION = 1.0;
				PRODUCT_BUNDLE_IDENTIFIER = statustech.com.GourmetGo;
				PRODUCT_NAME = "$(TARGET_NAME)";
				SWIFT_EMIT_LOC_STRINGS = YES;
				SWIFT_VERSION = 5.0;
				TARGETED_DEVICE_FAMILY = "1,2";
			};
			name = Debug;
		};
		FD8CFF692D62938F000EBC33 /* Release */ = {
			isa = XCBuildConfiguration;
			buildSettings = {
				ASSETCATALOG_COMPILER_APPICON_NAME = AppIcon;
				ASSETCATALOG_COMPILER_GLOBAL_ACCENT_COLOR_NAME = AccentColor;
				CODE_SIGN_STYLE = Automatic;
				CURRENT_PROJECT_VERSION = 1;
				DEVELOPMENT_ASSET_PATHS = "\"GourmetGo/Preview Content\"";
				DEVELOPMENT_TEAM = CNBJ768YPC;
				ENABLE_PREVIEWS = YES;
				GENERATE_INFOPLIST_FILE = YES;
				INFOPLIST_KEY_UIApplicationSceneManifest_Generation = YES;
				INFOPLIST_KEY_UIApplicationSupportsIndirectInputEvents = YES;
				INFOPLIST_KEY_UILaunchScreen_Generation = YES;
				INFOPLIST_KEY_UISupportedInterfaceOrientations = UIInterfaceOrientationPortrait;
				INFOPLIST_KEY_UISupportedInterfaceOrientations_iPad = "UIInterfaceOrientationLandscapeLeft UIInterfaceOrientationLandscapeRight UIInterfaceOrientationPortrait UIInterfaceOrientationPortraitUpsideDown";
				LD_RUNPATH_SEARCH_PATHS = (
					"$(inherited)",
					"@executable_path/Frameworks",
				);
				MARKETING_VERSION = 1.0;
				PRODUCT_BUNDLE_IDENTIFIER = statustech.com.GourmetGo;
				PRODUCT_NAME = "$(TARGET_NAME)";
				SWIFT_EMIT_LOC_STRINGS = YES;
				SWIFT_VERSION = 5.0;
				TARGETED_DEVICE_FAMILY = "1,2";
			};
			name = Release;
		};
		FD8CFF6B2D62938F000EBC33 /* Debug */ = {
			isa = XCBuildConfiguration;
			buildSettings = {
				BUNDLE_LOADER = "$(TEST_HOST)";
				CODE_SIGN_STYLE = Automatic;
				CURRENT_PROJECT_VERSION = 1;
				DEVELOPMENT_TEAM = CNBJ768YPC;
				GENERATE_INFOPLIST_FILE = YES;
				IPHONEOS_DEPLOYMENT_TARGET = 18.0;
				MARKETING_VERSION = 1.0;
				PRODUCT_BUNDLE_IDENTIFIER = statustech.com.GourmetGoTests;
				PRODUCT_NAME = "$(TARGET_NAME)";
				SWIFT_EMIT_LOC_STRINGS = NO;
				SWIFT_VERSION = 5.0;
				TARGETED_DEVICE_FAMILY = "1,2";
				TEST_HOST = "$(BUILT_PRODUCTS_DIR)/GourmetGo.app/$(BUNDLE_EXECUTABLE_FOLDER_PATH)/GourmetGo";
			};
			name = Debug;
		};
		FD8CFF6C2D62938F000EBC33 /* Release */ = {
			isa = XCBuildConfiguration;
			buildSettings = {
				BUNDLE_LOADER = "$(TEST_HOST)";
				CODE_SIGN_STYLE = Automatic;
				CURRENT_PROJECT_VERSION = 1;
				DEVELOPMENT_TEAM = CNBJ768YPC;
				GENERATE_INFOPLIST_FILE = YES;
				IPHONEOS_DEPLOYMENT_TARGET = 18.0;
				MARKETING_VERSION = 1.0;
				PRODUCT_BUNDLE_IDENTIFIER = statustech.com.GourmetGoTests;
				PRODUCT_NAME = "$(TARGET_NAME)";
				SWIFT_EMIT_LOC_STRINGS = NO;
				SWIFT_VERSION = 5.0;
				TARGETED_DEVICE_FAMILY = "1,2";
				TEST_HOST = "$(BUILT_PRODUCTS_DIR)/GourmetGo.app/$(BUNDLE_EXECUTABLE_FOLDER_PATH)/GourmetGo";
			};
			name = Release;
		};
		FD8CFF6E2D62938F000EBC33 /* Debug */ = {
			isa = XCBuildConfiguration;
			buildSettings = {
				CODE_SIGN_STYLE = Automatic;
				CURRENT_PROJECT_VERSION = 1;
				DEVELOPMENT_TEAM = CNBJ768YPC;
				GENERATE_INFOPLIST_FILE = YES;
				MARKETING_VERSION = 1.0;
				PRODUCT_BUNDLE_IDENTIFIER = statustech.com.GourmetGoUITests;
				PRODUCT_NAME = "$(TARGET_NAME)";
				SWIFT_EMIT_LOC_STRINGS = NO;
				SWIFT_VERSION = 5.0;
				TARGETED_DEVICE_FAMILY = "1,2";
				TEST_TARGET_NAME = GourmetGo;
			};
			name = Debug;
		};
		FD8CFF6F2D62938F000EBC33 /* Release */ = {
			isa = XCBuildConfiguration;
			buildSettings = {
				CODE_SIGN_STYLE = Automatic;
				CURRENT_PROJECT_VERSION = 1;
				DEVELOPMENT_TEAM = CNBJ768YPC;
				GENERATE_INFOPLIST_FILE = YES;
				MARKETING_VERSION = 1.0;
				PRODUCT_BUNDLE_IDENTIFIER = statustech.com.GourmetGoUITests;
				PRODUCT_NAME = "$(TARGET_NAME)";
				SWIFT_EMIT_LOC_STRINGS = NO;
				SWIFT_VERSION = 5.0;
				TARGETED_DEVICE_FAMILY = "1,2";
				TEST_TARGET_NAME = GourmetGo;
			};
			name = Release;
		};
/* End XCBuildConfiguration section */

/* Begin XCConfigurationList section */
		FD8CFF3E2D62938C000EBC33 /* Build configuration list for PBXProject "GourmetGo" */ = {
			isa = XCConfigurationList;
			buildConfigurations = (
				FD8CFF652D62938F000EBC33 /* Debug */,
				FD8CFF662D62938F000EBC33 /* Release */,
			);
			defaultConfigurationIsVisible = 0;
			defaultConfigurationName = Release;
		};
		FD8CFF672D62938F000EBC33 /* Build configuration list for PBXNativeTarget "GourmetGo" */ = {
			isa = XCConfigurationList;
			buildConfigurations = (
				FD8CFF682D62938F000EBC33 /* Debug */,
				FD8CFF692D62938F000EBC33 /* Release */,
			);
			defaultConfigurationIsVisible = 0;
			defaultConfigurationName = Release;
		};
		FD8CFF6A2D62938F000EBC33 /* Build configuration list for PBXNativeTarget "GourmetGoTests" */ = {
			isa = XCConfigurationList;
			buildConfigurations = (
				FD8CFF6B2D62938F000EBC33 /* Debug */,
				FD8CFF6C2D62938F000EBC33 /* Release */,
			);
			defaultConfigurationIsVisible = 0;
			defaultConfigurationName = Release;
		};
		FD8CFF6D2D62938F000EBC33 /* Build configuration list for PBXNativeTarget "GourmetGoUITests" */ = {
			isa = XCConfigurationList;
			buildConfigurations = (
				FD8CFF6E2D62938F000EBC33 /* Debug */,
				FD8CFF6F2D62938F000EBC33 /* Release */,
			);
			defaultConfigurationIsVisible = 0;
			defaultConfigurationName = Release;
		};
/* End XCConfigurationList section */
	};
	rootObject = FD8CFF3B2D62938C000EBC33 /* Project object */;
}
